// !$*UTF8*$!
{
	archiveVersion = 1;
	classes = {
	};
	objectVersion = 56;
	objects = {

/* Begin PBXBuildFile section */
		E805A60A2C989AA40005FB09 /* CoverModel.swift in Sources */ = {isa = PBXBuildFile; fileRef = E805A6092C989AA40005FB09 /* CoverModel.swift */; };
		E805A60D2C989AFD0005FB09 /* Bundle.swift in Sources */ = {isa = PBXBuildFile; fileRef = E805A60C2C989AFD0005FB09 /* Bundle.swift */; };
		E805A60F2C98A1D40005FB09 /* ContentSliderView.swift in Sources */ = {isa = PBXBuildFile; fileRef = E805A60E2C98A1D40005FB09 /* ContentSliderView.swift */; };
		E86140C62C9A1009004AE3A5 /* AnimalListView.swift in Sources */ = {isa = PBXBuildFile; fileRef = E86140C52C9A1008004AE3A5 /* AnimalListView.swift */; };
		E86140C82C9A1243004AE3A5 /* AnimalModel.swift in Sources */ = {isa = PBXBuildFile; fileRef = E86140C72C9A1243004AE3A5 /* AnimalModel.swift */; };
		E861BE9E2C9D7D68000754EE /* FactTabsView.swift in Sources */ = {isa = PBXBuildFile; fileRef = E861BE9D2C9D7D68000754EE /* FactTabsView.swift */; };
		E861BEA02C9D7F56000754EE /* MapView.swift in Sources */ = {isa = PBXBuildFile; fileRef = E861BE9F2C9D7F56000754EE /* MapView.swift */; };
		E875ADC42C91AEDE00ABE6FA /* africaApp.swift in Sources */ = {isa = PBXBuildFile; fileRef = E875ADC32C91AEDE00ABE6FA /* africaApp.swift */; };
		E875ADC62C91AEDE00ABE6FA /* ContentView.swift in Sources */ = {isa = PBXBuildFile; fileRef = E875ADC52C91AEDE00ABE6FA /* ContentView.swift */; };
		E875ADC82C91AEDF00ABE6FA /* Assets.xcassets in Resources */ = {isa = PBXBuildFile; fileRef = E875ADC72C91AEDF00ABE6FA /* Assets.xcassets */; };
		E875ADCB2C91AEDF00ABE6FA /* Preview Assets.xcassets in Resources */ = {isa = PBXBuildFile; fileRef = E875ADCA2C91AEDF00ABE6FA /* Preview Assets.xcassets */; };
		E875ADDB2C91B15500ABE6FA /* locations.json in Resources */ = {isa = PBXBuildFile; fileRef = E875ADD72C91B15500ABE6FA /* locations.json */; };
		E875ADDC2C91B15500ABE6FA /* animals.json in Resources */ = {isa = PBXBuildFile; fileRef = E875ADD82C91B15500ABE6FA /* animals.json */; };
		E875ADDD2C91B15500ABE6FA /* covers.json in Resources */ = {isa = PBXBuildFile; fileRef = E875ADD92C91B15500ABE6FA /* covers.json */; };
		E875ADDE2C91B15500ABE6FA /* videos.json in Resources */ = {isa = PBXBuildFile; fileRef = E875ADDA2C91B15500ABE6FA /* videos.json */; };
		E875ADEA2C91B16B00ABE6FA /* lion.mp4 in Resources */ = {isa = PBXBuildFile; fileRef = E875ADE02C91B16800ABE6FA /* lion.mp4 */; };
		E875ADEB2C91B16B00ABE6FA /* ostrich.mp4 in Resources */ = {isa = PBXBuildFile; fileRef = E875ADE12C91B16900ABE6FA /* ostrich.mp4 */; };
		E875ADEC2C91B16B00ABE6FA /* lioness.mp4 in Resources */ = {isa = PBXBuildFile; fileRef = E875ADE22C91B16900ABE6FA /* lioness.mp4 */; };
		E875ADED2C91B16B00ABE6FA /* rhino.mp4 in Resources */ = {isa = PBXBuildFile; fileRef = E875ADE32C91B16900ABE6FA /* rhino.mp4 */; };
		E875ADEE2C91B16B00ABE6FA /* elephant.mp4 in Resources */ = {isa = PBXBuildFile; fileRef = E875ADE42C91B16900ABE6FA /* elephant.mp4 */; };
		E875ADEF2C91B16B00ABE6FA /* gorilla.mp4 in Resources */ = {isa = PBXBuildFile; fileRef = E875ADE52C91B16900ABE6FA /* gorilla.mp4 */; };
		E875ADF02C91B16B00ABE6FA /* zebra.mp4 in Resources */ = {isa = PBXBuildFile; fileRef = E875ADE62C91B16A00ABE6FA /* zebra.mp4 */; };
		E875ADF12C91B16B00ABE6FA /* cheetah.mp4 in Resources */ = {isa = PBXBuildFile; fileRef = E875ADE72C91B16A00ABE6FA /* cheetah.mp4 */; };
		E875ADF22C91B16B00ABE6FA /* giraffe.mp4 in Resources */ = {isa = PBXBuildFile; fileRef = E875ADE82C91B16A00ABE6FA /* giraffe.mp4 */; };
		E875ADF32C91B16B00ABE6FA /* hippo.mp4 in Resources */ = {isa = PBXBuildFile; fileRef = E875ADE92C91B16B00ABE6FA /* hippo.mp4 */; };
		E875ADF52C91B1DD00ABE6FA /* Content.swift in Sources */ = {isa = PBXBuildFile; fileRef = E875ADF42C91B1DD00ABE6FA /* Content.swift */; };
		E875ADF72C91B1EC00ABE6FA /* Videos.swift in Sources */ = {isa = PBXBuildFile; fileRef = E875ADF62C91B1EC00ABE6FA /* Videos.swift */; };
		E875ADF92C91B21F00ABE6FA /* Locations.swift in Sources */ = {isa = PBXBuildFile; fileRef = E875ADF82C91B21F00ABE6FA /* Locations.swift */; };
		E875ADFB2C91B22900ABE6FA /* Gallery.swift in Sources */ = {isa = PBXBuildFile; fileRef = E875ADFA2C91B22900ABE6FA /* Gallery.swift */; };
		E8D172E42C9B3018009E6634 /* AnimalDetailView.swift in Sources */ = {isa = PBXBuildFile; fileRef = E8D172E32C9B3018009E6634 /* AnimalDetailView.swift */; };
		E8D172E62C9B36C5009E6634 /* HeadingView.swift in Sources */ = {isa = PBXBuildFile; fileRef = E8D172E52C9B36C5009E6634 /* HeadingView.swift */; };
		E8D172E82C9B37C2009E6634 /* AnimalGallery.swift in Sources */ = {isa = PBXBuildFile; fileRef = E8D172E72C9B37C2009E6634 /* AnimalGallery.swift */; };
/* End PBXBuildFile section */

/* Begin PBXFileReference section */
		E805A6092C989AA40005FB09 /* CoverModel.swift */ = {isa = PBXFileReference; lastKnownFileType = sourcecode.swift; path = CoverModel.swift; sourceTree = "<group>"; };
		E805A60C2C989AFD0005FB09 /* Bundle.swift */ = {isa = PBXFileReference; lastKnownFileType = sourcecode.swift; path = Bundle.swift; sourceTree = "<group>"; };
		E805A60E2C98A1D40005FB09 /* ContentSliderView.swift */ = {isa = PBXFileReference; lastKnownFileType = sourcecode.swift; path = ContentSliderView.swift; sourceTree = "<group>"; };
		E86140C52C9A1008004AE3A5 /* AnimalListView.swift */ = {isa = PBXFileReference; lastKnownFileType = sourcecode.swift; path = AnimalListView.swift; sourceTree = "<group>"; };
		E86140C72C9A1243004AE3A5 /* AnimalModel.swift */ = {isa = PBXFileReference; lastKnownFileType = sourcecode.swift; path = AnimalModel.swift; sourceTree = "<group>"; };
		E861BE9D2C9D7D68000754EE /* FactTabsView.swift */ = {isa = PBXFileReference; lastKnownFileType = sourcecode.swift; path = FactTabsView.swift; sourceTree = "<group>"; };
		E861BE9F2C9D7F56000754EE /* MapView.swift */ = {isa = PBXFileReference; lastKnownFileType = sourcecode.swift; path = MapView.swift; sourceTree = "<group>"; };
		E875ADC02C91AEDE00ABE6FA /* africa.app */ = {isa = PBXFileReference; explicitFileType = wrapper.application; includeInIndex = 0; path = africa.app; sourceTree = BUILT_PRODUCTS_DIR; };
		E875ADC32C91AEDE00ABE6FA /* africaApp.swift */ = {isa = PBXFileReference; lastKnownFileType = sourcecode.swift; path = africaApp.swift; sourceTree = "<group>"; };
		E875ADC52C91AEDE00ABE6FA /* ContentView.swift */ = {isa = PBXFileReference; lastKnownFileType = sourcecode.swift; path = ContentView.swift; sourceTree = "<group>"; };
		E875ADC72C91AEDF00ABE6FA /* Assets.xcassets */ = {isa = PBXFileReference; lastKnownFileType = folder.assetcatalog; path = Assets.xcassets; sourceTree = "<group>"; };
		E875ADCA2C91AEDF00ABE6FA /* Preview Assets.xcassets */ = {isa = PBXFileReference; lastKnownFileType = folder.assetcatalog; path = "Preview Assets.xcassets"; sourceTree = "<group>"; };
		E875ADD32C91B0AC00ABE6FA /* Info.plist */ = {isa = PBXFileReference; lastKnownFileType = text.plist; path = Info.plist; sourceTree = "<group>"; };
		E875ADD72C91B15500ABE6FA /* locations.json */ = {isa = PBXFileReference; fileEncoding = 4; lastKnownFileType = text.json; path = locations.json; sourceTree = "<group>"; };
		E875ADD82C91B15500ABE6FA /* animals.json */ = {isa = PBXFileReference; fileEncoding = 4; lastKnownFileType = text.json; path = animals.json; sourceTree = "<group>"; };
		E875ADD92C91B15500ABE6FA /* covers.json */ = {isa = PBXFileReference; fileEncoding = 4; lastKnownFileType = text.json; path = covers.json; sourceTree = "<group>"; };
		E875ADDA2C91B15500ABE6FA /* videos.json */ = {isa = PBXFileReference; fileEncoding = 4; lastKnownFileType = text.json; path = videos.json; sourceTree = "<group>"; };
		E875ADE02C91B16800ABE6FA /* lion.mp4 */ = {isa = PBXFileReference; lastKnownFileType = file; path = lion.mp4; sourceTree = "<group>"; };
		E875ADE12C91B16900ABE6FA /* ostrich.mp4 */ = {isa = PBXFileReference; lastKnownFileType = file; path = ostrich.mp4; sourceTree = "<group>"; };
		E875ADE22C91B16900ABE6FA /* lioness.mp4 */ = {isa = PBXFileReference; lastKnownFileType = file; path = lioness.mp4; sourceTree = "<group>"; };
		E875ADE32C91B16900ABE6FA /* rhino.mp4 */ = {isa = PBXFileReference; lastKnownFileType = file; path = rhino.mp4; sourceTree = "<group>"; };
		E875ADE42C91B16900ABE6FA /* elephant.mp4 */ = {isa = PBXFileReference; lastKnownFileType = file; path = elephant.mp4; sourceTree = "<group>"; };
		E875ADE52C91B16900ABE6FA /* gorilla.mp4 */ = {isa = PBXFileReference; lastKnownFileType = file; path = gorilla.mp4; sourceTree = "<group>"; };
		E875ADE62C91B16A00ABE6FA /* zebra.mp4 */ = {isa = PBXFileReference; lastKnownFileType = file; path = zebra.mp4; sourceTree = "<group>"; };
		E875ADE72C91B16A00ABE6FA /* cheetah.mp4 */ = {isa = PBXFileReference; lastKnownFileType = file; path = cheetah.mp4; sourceTree = "<group>"; };
		E875ADE82C91B16A00ABE6FA /* giraffe.mp4 */ = {isa = PBXFileReference; lastKnownFileType = file; path = giraffe.mp4; sourceTree = "<group>"; };
		E875ADE92C91B16B00ABE6FA /* hippo.mp4 */ = {isa = PBXFileReference; lastKnownFileType = file; path = hippo.mp4; sourceTree = "<group>"; };
		E875ADF42C91B1DD00ABE6FA /* Content.swift */ = {isa = PBXFileReference; lastKnownFileType = sourcecode.swift; path = Content.swift; sourceTree = "<group>"; };
		E875ADF62C91B1EC00ABE6FA /* Videos.swift */ = {isa = PBXFileReference; lastKnownFileType = sourcecode.swift; path = Videos.swift; sourceTree = "<group>"; };
		E875ADF82C91B21F00ABE6FA /* Locations.swift */ = {isa = PBXFileReference; lastKnownFileType = sourcecode.swift; path = Locations.swift; sourceTree = "<group>"; };
		E875ADFA2C91B22900ABE6FA /* Gallery.swift */ = {isa = PBXFileReference; lastKnownFileType = sourcecode.swift; path = Gallery.swift; sourceTree = "<group>"; };
		E8D172E32C9B3018009E6634 /* AnimalDetailView.swift */ = {isa = PBXFileReference; lastKnownFileType = sourcecode.swift; path = AnimalDetailView.swift; sourceTree = "<group>"; };
		E8D172E52C9B36C5009E6634 /* HeadingView.swift */ = {isa = PBXFileReference; lastKnownFileType = sourcecode.swift; path = HeadingView.swift; sourceTree = "<group>"; };
		E8D172E72C9B37C2009E6634 /* AnimalGallery.swift */ = {isa = PBXFileReference; lastKnownFileType = sourcecode.swift; path = AnimalGallery.swift; sourceTree = "<group>"; };
/* End PBXFileReference section */

/* Begin PBXFrameworksBuildPhase section */
		E875ADBD2C91AEDE00ABE6FA /* Frameworks */ = {
			isa = PBXFrameworksBuildPhase;
			buildActionMask = 2147483647;
			files = (
			);
			runOnlyForDeploymentPostprocessing = 0;
		};
/* End PBXFrameworksBuildPhase section */

/* Begin PBXGroup section */
		E805A6082C989A600005FB09 /* Model */ = {
			isa = PBXGroup;
			children = (
				E805A6092C989AA40005FB09 /* CoverModel.swift */,
				E86140C72C9A1243004AE3A5 /* AnimalModel.swift */,
			);
			path = Model;
			sourceTree = "<group>";
		};
		E805A60B2C989AF30005FB09 /* Extensions */ = {
			isa = PBXGroup;
			children = (
				E805A60C2C989AFD0005FB09 /* Bundle.swift */,
			);
			path = Extensions;
			sourceTree = "<group>";
		};
		E875ADB72C91AEDE00ABE6FA = {
			isa = PBXGroup;
			children = (
				E875ADC22C91AEDE00ABE6FA /* africa */,
				E875ADC12C91AEDE00ABE6FA /* Products */,
			);
			sourceTree = "<group>";
		};
		E875ADC12C91AEDE00ABE6FA /* Products */ = {
			isa = PBXGroup;
			children = (
				E875ADC02C91AEDE00ABE6FA /* africa.app */,
			);
			name = Products;
			sourceTree = "<group>";
		};
		E875ADC22C91AEDE00ABE6FA /* africa */ = {
			isa = PBXGroup;
			children = (
				E805A60B2C989AF30005FB09 /* Extensions */,
				E805A6082C989A600005FB09 /* Model */,
				E875ADDF2C91B15900ABE6FA /* Video */,
				E875ADD62C91B12B00ABE6FA /* Data */,
				E875ADD52C91B12600ABE6FA /* Views */,
				E875ADD42C91B12000ABE6FA /* Screens */,
				E875ADD32C91B0AC00ABE6FA /* Info.plist */,
				E875ADC32C91AEDE00ABE6FA /* africaApp.swift */,
				E875ADC72C91AEDF00ABE6FA /* Assets.xcassets */,
				E875ADC92C91AEDF00ABE6FA /* Preview Content */,
			);
			path = africa;
			sourceTree = "<group>";
		};
		E875ADC92C91AEDF00ABE6FA /* Preview Content */ = {
			isa = PBXGroup;
			children = (
				E875ADCA2C91AEDF00ABE6FA /* Preview Assets.xcassets */,
			);
			path = "Preview Content";
			sourceTree = "<group>";
		};
		E875ADD42C91B12000ABE6FA /* Screens */ = {
			isa = PBXGroup;
			children = (
				E875ADC52C91AEDE00ABE6FA /* ContentView.swift */,
				E875ADF42C91B1DD00ABE6FA /* Content.swift */,
				E875ADF62C91B1EC00ABE6FA /* Videos.swift */,
				E875ADF82C91B21F00ABE6FA /* Locations.swift */,
				E875ADFA2C91B22900ABE6FA /* Gallery.swift */,
			);
			path = Screens;
			sourceTree = "<group>";
		};
		E875ADD52C91B12600ABE6FA /* Views */ = {
			isa = PBXGroup;
			children = (
				E805A60E2C98A1D40005FB09 /* ContentSliderView.swift */,
				E86140C52C9A1008004AE3A5 /* AnimalListView.swift */,
				E8D172E32C9B3018009E6634 /* AnimalDetailView.swift */,
				E8D172E52C9B36C5009E6634 /* HeadingView.swift */,
				E8D172E72C9B37C2009E6634 /* AnimalGallery.swift */,
				E861BE9D2C9D7D68000754EE /* FactTabsView.swift */,
				E861BE9F2C9D7F56000754EE /* MapView.swift */,
			);
			path = Views;
			sourceTree = "<group>";
		};
		E875ADD62C91B12B00ABE6FA /* Data */ = {
			isa = PBXGroup;
			children = (
				E875ADD82C91B15500ABE6FA /* animals.json */,
				E875ADD92C91B15500ABE6FA /* covers.json */,
				E875ADD72C91B15500ABE6FA /* locations.json */,
				E875ADDA2C91B15500ABE6FA /* videos.json */,
			);
			path = Data;
			sourceTree = "<group>";
		};
		E875ADDF2C91B15900ABE6FA /* Video */ = {
			isa = PBXGroup;
			children = (
				E875ADE72C91B16A00ABE6FA /* cheetah.mp4 */,
				E875ADE42C91B16900ABE6FA /* elephant.mp4 */,
				E875ADE82C91B16A00ABE6FA /* giraffe.mp4 */,
				E875ADE52C91B16900ABE6FA /* gorilla.mp4 */,
				E875ADE92C91B16B00ABE6FA /* hippo.mp4 */,
				E875ADE02C91B16800ABE6FA /* lion.mp4 */,
				E875ADE22C91B16900ABE6FA /* lioness.mp4 */,
				E875ADE12C91B16900ABE6FA /* ostrich.mp4 */,
				E875ADE32C91B16900ABE6FA /* rhino.mp4 */,
				E875ADE62C91B16A00ABE6FA /* zebra.mp4 */,
			);
			path = Video;
			sourceTree = "<group>";
		};
/* End PBXGroup section */

/* Begin PBXNativeTarget section */
		E875ADBF2C91AEDE00ABE6FA /* africa */ = {
			isa = PBXNativeTarget;
			buildConfigurationList = E875ADCE2C91AEDF00ABE6FA /* Build configuration list for PBXNativeTarget "africa" */;
			buildPhases = (
				E875ADBC2C91AEDE00ABE6FA /* Sources */,
				E875ADBD2C91AEDE00ABE6FA /* Frameworks */,
				E875ADBE2C91AEDE00ABE6FA /* Resources */,
			);
			buildRules = (
			);
			dependencies = (
			);
			name = africa;
			productName = africa;
			productReference = E875ADC02C91AEDE00ABE6FA /* africa.app */;
			productType = "com.apple.product-type.application";
		};
/* End PBXNativeTarget section */

/* Begin PBXProject section */
		E875ADB82C91AEDE00ABE6FA /* Project object */ = {
			isa = PBXProject;
			attributes = {
				BuildIndependentTargetsInParallel = 1;
				LastSwiftUpdateCheck = 1540;
				LastUpgradeCheck = 1540;
				TargetAttributes = {
					E875ADBF2C91AEDE00ABE6FA = {
						CreatedOnToolsVersion = 15.4;
					};
				};
			};
			buildConfigurationList = E875ADBB2C91AEDE00ABE6FA /* Build configuration list for PBXProject "africa" */;
			compatibilityVersion = "Xcode 14.0";
			developmentRegion = en;
			hasScannedForEncodings = 0;
			knownRegions = (
				en,
				Base,
			);
			mainGroup = E875ADB72C91AEDE00ABE6FA;
			productRefGroup = E875ADC12C91AEDE00ABE6FA /* Products */;
			projectDirPath = "";
			projectRoot = "";
			targets = (
				E875ADBF2C91AEDE00ABE6FA /* africa */,
			);
		};
/* End PBXProject section */

/* Begin PBXResourcesBuildPhase section */
		E875ADBE2C91AEDE00ABE6FA /* Resources */ = {
			isa = PBXResourcesBuildPhase;
			buildActionMask = 2147483647;
			files = (
				E875ADDD2C91B15500ABE6FA /* covers.json in Resources */,
				E875ADF02C91B16B00ABE6FA /* zebra.mp4 in Resources */,
				E875ADCB2C91AEDF00ABE6FA /* Preview Assets.xcassets in Resources */,
				E875ADEC2C91B16B00ABE6FA /* lioness.mp4 in Resources */,
				E875ADEA2C91B16B00ABE6FA /* lion.mp4 in Resources */,
				E875ADEF2C91B16B00ABE6FA /* gorilla.mp4 in Resources */,
				E875ADF12C91B16B00ABE6FA /* cheetah.mp4 in Resources */,
				E875ADDC2C91B15500ABE6FA /* animals.json in Resources */,
				E875ADF32C91B16B00ABE6FA /* hippo.mp4 in Resources */,
				E875ADDB2C91B15500ABE6FA /* locations.json in Resources */,
				E875ADC82C91AEDF00ABE6FA /* Assets.xcassets in Resources */,
				E875ADEB2C91B16B00ABE6FA /* ostrich.mp4 in Resources */,
				E875ADED2C91B16B00ABE6FA /* rhino.mp4 in Resources */,
				E875ADDE2C91B15500ABE6FA /* videos.json in Resources */,
				E875ADEE2C91B16B00ABE6FA /* elephant.mp4 in Resources */,
				E875ADF22C91B16B00ABE6FA /* giraffe.mp4 in Resources */,
			);
			runOnlyForDeploymentPostprocessing = 0;
		};
/* End PBXResourcesBuildPhase section */

/* Begin PBXSourcesBuildPhase section */
		E875ADBC2C91AEDE00ABE6FA /* Sources */ = {
			isa = PBXSourcesBuildPhase;
			buildActionMask = 2147483647;
			files = (
				E86140C62C9A1009004AE3A5 /* AnimalListView.swift in Sources */,
				E861BEA02C9D7F56000754EE /* MapView.swift in Sources */,
				E875ADF52C91B1DD00ABE6FA /* Content.swift in Sources */,
				E861BE9E2C9D7D68000754EE /* FactTabsView.swift in Sources */,
				E805A60D2C989AFD0005FB09 /* Bundle.swift in Sources */,
				E875ADF72C91B1EC00ABE6FA /* Videos.swift in Sources */,
				E875ADC62C91AEDE00ABE6FA /* ContentView.swift in Sources */,
				E8D172E42C9B3018009E6634 /* AnimalDetailView.swift in Sources */,
				E86140C82C9A1243004AE3A5 /* AnimalModel.swift in Sources */,
				E875ADF92C91B21F00ABE6FA /* Locations.swift in Sources */,
				E8D172E82C9B37C2009E6634 /* AnimalGallery.swift in Sources */,
				E875ADFB2C91B22900ABE6FA /* Gallery.swift in Sources */,
				E875ADC42C91AEDE00ABE6FA /* africaApp.swift in Sources */,
				E805A60F2C98A1D40005FB09 /* ContentSliderView.swift in Sources */,
				E805A60A2C989AA40005FB09 /* CoverModel.swift in Sources */,
				E8D172E62C9B36C5009E6634 /* HeadingView.swift in Sources */,
			);
			runOnlyForDeploymentPostprocessing = 0;
		};
/* End PBXSourcesBuildPhase section */

/* Begin XCBuildConfiguration section */
		E875ADCC2C91AEDF00ABE6FA /* Debug */ = {
			isa = XCBuildConfiguration;
			buildSettings = {
				ALWAYS_SEARCH_USER_PATHS = NO;
				ASSETCATALOG_COMPILER_GENERATE_SWIFT_ASSET_SYMBOL_EXTENSIONS = YES;
				CLANG_ANALYZER_NONNULL = YES;
				CLANG_ANALYZER_NUMBER_OBJECT_CONVERSION = YES_AGGRESSIVE;
				CLANG_CXX_LANGUAGE_STANDARD = "gnu++20";
				CLANG_ENABLE_MODULES = YES;
				CLANG_ENABLE_OBJC_ARC = YES;
				CLANG_ENABLE_OBJC_WEAK = YES;
				CLANG_WARN_BLOCK_CAPTURE_AUTORELEASING = YES;
				CLANG_WARN_BOOL_CONVERSION = YES;
				CLANG_WARN_COMMA = YES;
				CLANG_WARN_CONSTANT_CONVERSION = YES;
				CLANG_WARN_DEPRECATED_OBJC_IMPLEMENTATIONS = YES;
				CLANG_WARN_DIRECT_OBJC_ISA_USAGE = YES_ERROR;
				CLANG_WARN_DOCUMENTATION_COMMENTS = YES;
				CLANG_WARN_EMPTY_BODY = YES;
				CLANG_WARN_ENUM_CONVERSION = YES;
				CLANG_WARN_INFINITE_RECURSION = YES;
				CLANG_WARN_INT_CONVERSION = YES;
				CLANG_WARN_NON_LITERAL_NULL_CONVERSION = YES;
				CLANG_WARN_OBJC_IMPLICIT_RETAIN_SELF = YES;
				CLANG_WARN_OBJC_LITERAL_CONVERSION = YES;
				CLANG_WARN_OBJC_ROOT_CLASS = YES_ERROR;
				CLANG_WARN_QUOTED_INCLUDE_IN_FRAMEWORK_HEADER = YES;
				CLANG_WARN_RANGE_LOOP_ANALYSIS = YES;
				CLANG_WARN_STRICT_PROTOTYPES = YES;
				CLANG_WARN_SUSPICIOUS_MOVE = YES;
				CLANG_WARN_UNGUARDED_AVAILABILITY = YES_AGGRESSIVE;
				CLANG_WARN_UNREACHABLE_CODE = YES;
				CLANG_WARN__DUPLICATE_METHOD_MATCH = YES;
				COPY_PHASE_STRIP = NO;
				DEBUG_INFORMATION_FORMAT = dwarf;
				ENABLE_STRICT_OBJC_MSGSEND = YES;
				ENABLE_TESTABILITY = YES;
				ENABLE_USER_SCRIPT_SANDBOXING = YES;
				GCC_C_LANGUAGE_STANDARD = gnu17;
				GCC_DYNAMIC_NO_PIC = NO;
				GCC_NO_COMMON_BLOCKS = YES;
				GCC_OPTIMIZATION_LEVEL = 0;
				GCC_PREPROCESSOR_DEFINITIONS = (
					"DEBUG=1",
					"$(inherited)",
				);
				GCC_WARN_64_TO_32_BIT_CONVERSION = YES;
				GCC_WARN_ABOUT_RETURN_TYPE = YES_ERROR;
				GCC_WARN_UNDECLARED_SELECTOR = YES;
				GCC_WARN_UNINITIALIZED_AUTOS = YES_AGGRESSIVE;
				GCC_WARN_UNUSED_FUNCTION = YES;
				GCC_WARN_UNUSED_VARIABLE = YES;
				IPHONEOS_DEPLOYMENT_TARGET = 17.5;
				LOCALIZATION_PREFERS_STRING_CATALOGS = YES;
				MTL_ENABLE_DEBUG_INFO = INCLUDE_SOURCE;
				MTL_FAST_MATH = YES;
				ONLY_ACTIVE_ARCH = YES;
				SDKROOT = iphoneos;
				SWIFT_ACTIVE_COMPILATION_CONDITIONS = "DEBUG $(inherited)";
				SWIFT_OPTIMIZATION_LEVEL = "-Onone";
			};
			name = Debug;
		};
		E875ADCD2C91AEDF00ABE6FA /* Release */ = {
			isa = XCBuildConfiguration;
			buildSettings = {
				ALWAYS_SEARCH_USER_PATHS = NO;
				ASSETCATALOG_COMPILER_GENERATE_SWIFT_ASSET_SYMBOL_EXTENSIONS = YES;
				CLANG_ANALYZER_NONNULL = YES;
				CLANG_ANALYZER_NUMBER_OBJECT_CONVERSION = YES_AGGRESSIVE;
				CLANG_CXX_LANGUAGE_STANDARD = "gnu++20";
				CLANG_ENABLE_MODULES = YES;
				CLANG_ENABLE_OBJC_ARC = YES;
				CLANG_ENABLE_OBJC_WEAK = YES;
				CLANG_WARN_BLOCK_CAPTURE_AUTORELEASING = YES;
				CLANG_WARN_BOOL_CONVERSION = YES;
				CLANG_WARN_COMMA = YES;
				CLANG_WARN_CONSTANT_CONVERSION = YES;
				CLANG_WARN_DEPRECATED_OBJC_IMPLEMENTATIONS = YES;
				CLANG_WARN_DIRECT_OBJC_ISA_USAGE = YES_ERROR;
				CLANG_WARN_DOCUMENTATION_COMMENTS = YES;
				CLANG_WARN_EMPTY_BODY = YES;
				CLANG_WARN_ENUM_CONVERSION = YES;
				CLANG_WARN_INFINITE_RECURSION = YES;
				CLANG_WARN_INT_CONVERSION = YES;
				CLANG_WARN_NON_LITERAL_NULL_CONVERSION = YES;
				CLANG_WARN_OBJC_IMPLICIT_RETAIN_SELF = YES;
				CLANG_WARN_OBJC_LITERAL_CONVERSION = YES;
				CLANG_WARN_OBJC_ROOT_CLASS = YES_ERROR;
				CLANG_WARN_QUOTED_INCLUDE_IN_FRAMEWORK_HEADER = YES;
				CLANG_WARN_RANGE_LOOP_ANALYSIS = YES;
				CLANG_WARN_STRICT_PROTOTYPES = YES;
				CLANG_WARN_SUSPICIOUS_MOVE = YES;
				CLANG_WARN_UNGUARDED_AVAILABILITY = YES_AGGRESSIVE;
				CLANG_WARN_UNREACHABLE_CODE = YES;
				CLANG_WARN__DUPLICATE_METHOD_MATCH = YES;
				COPY_PHASE_STRIP = NO;
				DEBUG_INFORMATION_FORMAT = "dwarf-with-dsym";
				ENABLE_NS_ASSERTIONS = NO;
				ENABLE_STRICT_OBJC_MSGSEND = YES;
				ENABLE_USER_SCRIPT_SANDBOXING = YES;
				GCC_C_LANGUAGE_STANDARD = gnu17;
				GCC_NO_COMMON_BLOCKS = YES;
				GCC_WARN_64_TO_32_BIT_CONVERSION = YES;
				GCC_WARN_ABOUT_RETURN_TYPE = YES_ERROR;
				GCC_WARN_UNDECLARED_SELECTOR = YES;
				GCC_WARN_UNINITIALIZED_AUTOS = YES_AGGRESSIVE;
				GCC_WARN_UNUSED_FUNCTION = YES;
				GCC_WARN_UNUSED_VARIABLE = YES;
				IPHONEOS_DEPLOYMENT_TARGET = 17.5;
				LOCALIZATION_PREFERS_STRING_CATALOGS = YES;
				MTL_ENABLE_DEBUG_INFO = NO;
				MTL_FAST_MATH = YES;
				SDKROOT = iphoneos;
				SWIFT_COMPILATION_MODE = wholemodule;
				VALIDATE_PRODUCT = YES;
			};
			name = Release;
		};
		E875ADCF2C91AEDF00ABE6FA /* Debug */ = {
			isa = XCBuildConfiguration;
			buildSettings = {
				ASSETCATALOG_COMPILER_APPICON_NAME = AppIcon;
				ASSETCATALOG_COMPILER_GLOBAL_ACCENT_COLOR_NAME = AccentColor;
				CODE_SIGN_STYLE = Automatic;
				CURRENT_PROJECT_VERSION = 1;
				DEVELOPMENT_ASSET_PATHS = "\"africa/Preview Content\"";
				DEVELOPMENT_TEAM = 63D233FS34;
				ENABLE_PREVIEWS = YES;
				GENERATE_INFOPLIST_FILE = YES;
				INFOPLIST_FILE = africa/Info.plist;
				INFOPLIST_KEY_UIApplicationSceneManifest_Generation = YES;
				INFOPLIST_KEY_UIApplicationSupportsIndirectInputEvents = YES;
				INFOPLIST_KEY_UISupportedInterfaceOrientations_iPad = "UIInterfaceOrientationPortrait UIInterfaceOrientationPortraitUpsideDown UIInterfaceOrientationLandscapeLeft UIInterfaceOrientationLandscapeRight";
				INFOPLIST_KEY_UISupportedInterfaceOrientations_iPhone = "UIInterfaceOrientationPortrait UIInterfaceOrientationLandscapeLeft UIInterfaceOrientationLandscapeRight";
				INFOPLIST_KEY_UIUserInterfaceStyle = Dark;
				LD_RUNPATH_SEARCH_PATHS = (
					"$(inherited)",
					"@executable_path/Frameworks",
				);
				MARKETING_VERSION = 1.0;
				PRODUCT_BUNDLE_IDENTIFIER = alex.africa;
				PRODUCT_NAME = "$(TARGET_NAME)";
				SWIFT_EMIT_LOC_STRINGS = YES;
				SWIFT_VERSION = 5.0;
				TARGETED_DEVICE_FAMILY = "1,2";
			};
			name = Debug;
		};
		E875ADD02C91AEDF00ABE6FA /* Release */ = {
			isa = XCBuildConfiguration;
			buildSettings = {
				ASSETCATALOG_COMPILER_APPICON_NAME = AppIcon;
				ASSETCATALOG_COMPILER_GLOBAL_ACCENT_COLOR_NAME = AccentColor;
				CODE_SIGN_STYLE = Automatic;
				CURRENT_PROJECT_VERSION = 1;
				DEVELOPMENT_ASSET_PATHS = "\"africa/Preview Content\"";
				DEVELOPMENT_TEAM = 63D233FS34;
				ENABLE_PREVIEWS = YES;
				GENERATE_INFOPLIST_FILE = YES;
				INFOPLIST_FILE = africa/Info.plist;
				INFOPLIST_KEY_UIApplicationSceneManifest_Generation = YES;
				INFOPLIST_KEY_UIApplicationSupportsIndirectInputEvents = YES;
				INFOPLIST_KEY_UISupportedInterfaceOrientations_iPad = "UIInterfaceOrientationPortrait UIInterfaceOrientationPortraitUpsideDown UIInterfaceOrientationLandscapeLeft UIInterfaceOrientationLandscapeRight";
				INFOPLIST_KEY_UISupportedInterfaceOrientations_iPhone = "UIInterfaceOrientationPortrait UIInterfaceOrientationLandscapeLeft UIInterfaceOrientationLandscapeRight";
				INFOPLIST_KEY_UIUserInterfaceStyle = Dark;
				LD_RUNPATH_SEARCH_PATHS = (
					"$(inherited)",
					"@executable_path/Frameworks",
				);
				MARKETING_VERSION = 1.0;
				PRODUCT_BUNDLE_IDENTIFIER = alex.africa;
				PRODUCT_NAME = "$(TARGET_NAME)";
				SWIFT_EMIT_LOC_STRINGS = YES;
				SWIFT_VERSION = 5.0;
				TARGETED_DEVICE_FAMILY = "1,2";
			};
			name = Release;
		};
/* End XCBuildConfiguration section */

/* Begin XCConfigurationList section */
		E875ADBB2C91AEDE00ABE6FA /* Build configuration list for PBXProject "africa" */ = {
			isa = XCConfigurationList;
			buildConfigurations = (
				E875ADCC2C91AEDF00ABE6FA /* Debug */,
				E875ADCD2C91AEDF00ABE6FA /* Release */,
			);
			defaultConfigurationIsVisible = 0;
			defaultConfigurationName = Release;
		};
		E875ADCE2C91AEDF00ABE6FA /* Build configuration list for PBXNativeTarget "africa" */ = {
			isa = XCConfigurationList;
			buildConfigurations = (
				E875ADCF2C91AEDF00ABE6FA /* Debug */,
				E875ADD02C91AEDF00ABE6FA /* Release */,
			);
			defaultConfigurationIsVisible = 0;
			defaultConfigurationName = Release;
		};
/* End XCConfigurationList section */
	};
	rootObject = E875ADB82C91AEDE00ABE6FA /* Project object */;
}
